
Microsoft Visual Studio Solution File, Format Version 11.00
# Visual Studio 2010
Project("{FAE04EC0-301F-11D3-BF4B-00C04F79EFBC}") = "IR_HW", "IR_HW\IR_HW.csproj", "{DAE0AD97-9DF0-4AD3-A40D-77C5390875DA}"
EndProject
Project("{FAE04EC0-301F-11D3-BF4B-00C04F79EFBC}") = "WordNet.Net", "..\wordnetdotnet\Library\cs\WordNet.Net.csproj", "{F12805B0-D74A-4E5B-A482-7C7CCB69D572}"
EndProject
Global
	GlobalSection(SolutionConfigurationPlatforms) = preSolution
		Debug|Any CPU = Debug|Any CPU
		Release|Any CPU = Release|Any CPU
	EndGlobalSection
	GlobalSection(ProjectConfigurationPlatforms) = postSolution
		{DAE0AD97-9DF0-4AD3-A40D-77C5390875DA}.Debug|Any CPU.ActiveCfg = Debug|Any CPU
		{DAE0AD97-9DF0-4AD3-A40D-77C5390875DA}.Debug|Any CPU.Build.0 = Debug|Any CPU
		{DAE0AD97-9DF0-4AD3-A40D-77C5390875DA}.Release|Any CPU.ActiveCfg = Release|Any CPU
		{DAE0AD97-9DF0-4AD3-A40D-77C5390875DA}.Release|Any CPU.Build.0 = Release|Any CPU
		{F12805B0-D74A-4E5B-A482-7C7CCB69D572}.Debug|Any CPU.ActiveCfg = Debug|Any CPU
		{F12805B0-D74A-4E5B-A482-7C7CCB69D572}.Debug|Any CPU.Build.0 = Debug|Any CPU
		{F12805B0-D74A-4E5B-A482-7C7CCB69D572}.Release|Any CPU.ActiveCfg = Release|Any CPU
		{F12805B0-D74A-4E5B-A482-7C7CCB69D572}.Release|Any CPU.Build.0 = Release|Any CPU
	EndGlobalSection
	GlobalSection(SolutionProperties) = preSolution
		HideSolutionNode = FALSE
	EndGlobalSection
EndGlobal
